
Microsoft Visual Studio Solution File, Format Version 12.00
# Visual Studio Version 16
VisualStudioVersion = 16.0.31025.194
MinimumVisualStudioVersion = 10.0.40219.1
Project("{8BC9CEB8-8B4A-11D0-8D11-00A0C91BC942}") = "♥DFS) 트리 예시 문제", "♥DFS) 트리 예시 문제\♥DFS) 트리 예시 문제.vcxproj", "{84A2C860-CF1F-49F7-A04F-3D786DDD96D0}"
EndProject
Global
	GlobalSection(SolutionConfigurationPlatforms) = preSolution
		Debug|x64 = Debug|x64
		Debug|x86 = Debug|x86
		Release|x64 = Release|x64
		Release|x86 = Release|x86
	EndGlobalSection
	GlobalSection(ProjectConfigurationPlatforms) = postSolution
		{84A2C860-CF1F-49F7-A04F-3D786DDD96D0}.Debug|x64.ActiveCfg = Debug|x64
		{84A2C860-CF1F-49F7-A04F-3D786DDD96D0}.Debug|x64.Build.0 = Debug|x64
		{84A2C860-CF1F-49F7-A04F-3D786DDD96D0}.Debug|x86.ActiveCfg = Debug|Win32
		{84A2C860-CF1F-49F7-A04F-3D786DDD96D0}.Debug|x86.Build.0 = Debug|Win32
		{84A2C860-CF1F-49F7-A04F-3D786DDD96D0}.Release|x64.ActiveCfg = Release|x64
		{84A2C860-CF1F-49F7-A04F-3D786DDD96D0}.Release|x64.Build.0 = Release|x64
		{84A2C860-CF1F-49F7-A04F-3D786DDD96D0}.Release|x86.ActiveCfg = Release|Win32
		{84A2C860-CF1F-49F7-A04F-3D786DDD96D0}.Release|x86.Build.0 = Release|Win32
	EndGlobalSection
	GlobalSection(SolutionProperties) = preSolution
		HideSolutionNode = FALSE
	EndGlobalSection
	GlobalSection(ExtensibilityGlobals) = postSolution
		SolutionGuid = {B6433602-EB4B-4B0C-987E-4BD851137218}
	EndGlobalSection
EndGlobal
